// !$*UTF8*$!
{
	archiveVersion = 1;
	classes = {
	};
	objectVersion = 56;
	objects = {

/* Begin PBXBuildFile section */
		BF16CAE52AF6B0C800CB8C7D /* SerenitySeekerApp.swift in Sources */ = {isa = PBXBuildFile; fileRef = BF16CAE42AF6B0C800CB8C7D /* SerenitySeekerApp.swift */; };
		BF16CAE72AF6B0C800CB8C7D /* LoginView.swift in Sources */ = {isa = PBXBuildFile; fileRef = BF16CAE62AF6B0C800CB8C7D /* LoginView.swift */; };
		BF16CAE92AF6B0CA00CB8C7D /* Assets.xcassets in Resources */ = {isa = PBXBuildFile; fileRef = BF16CAE82AF6B0CA00CB8C7D /* Assets.xcassets */; };
		BF16CAEC2AF6B0CA00CB8C7D /* Preview Assets.xcassets in Resources */ = {isa = PBXBuildFile; fileRef = BF16CAEB2AF6B0CA00CB8C7D /* Preview Assets.xcassets */; };
		BF16CAF62AF6B0CB00CB8C7D /* SerenitySeekerTests.swift in Sources */ = {isa = PBXBuildFile; fileRef = BF16CAF52AF6B0CB00CB8C7D /* SerenitySeekerTests.swift */; };
		BF16CB002AF6B0CB00CB8C7D /* SerenitySeekerUITests.swift in Sources */ = {isa = PBXBuildFile; fileRef = BF16CAFF2AF6B0CB00CB8C7D /* SerenitySeekerUITests.swift */; };
		BF16CB022AF6B0CB00CB8C7D /* SerenitySeekerUITestsLaunchTests.swift in Sources */ = {isa = PBXBuildFile; fileRef = BF16CB012AF6B0CB00CB8C7D /* SerenitySeekerUITestsLaunchTests.swift */; };
		BF16CB112AF6C01E00CB8C7D /* DetailView.swift in Sources */ = {isa = PBXBuildFile; fileRef = BF16CB102AF6C01E00CB8C7D /* DetailView.swift */; };
		BF16CB152AF6D8BA00CB8C7D /* LoginViewOne.swift in Sources */ = {isa = PBXBuildFile; fileRef = BF16CB142AF6D8BA00CB8C7D /* LoginViewOne.swift */; };
		BF16CB172AF6DF5400CB8C7D /* FeatureView.swift in Sources */ = {isa = PBXBuildFile; fileRef = BF16CB162AF6DF5300CB8C7D /* FeatureView.swift */; };
		BF16EA242AF87CBA00A71204 /* MoodView.swift in Sources */ = {isa = PBXBuildFile; fileRef = BF16EA232AF87CBA00A71204 /* MoodView.swift */; };
/* End PBXBuildFile section */

/* Begin PBXContainerItemProxy section */
		BF16CAF22AF6B0CB00CB8C7D /* PBXContainerItemProxy */ = {
			isa = PBXContainerItemProxy;
			containerPortal = BF16CAD92AF6B0C800CB8C7D /* Project object */;
			proxyType = 1;
			remoteGlobalIDString = BF16CAE02AF6B0C800CB8C7D;
			remoteInfo = SerenitySeeker;
		};
		BF16CAFC2AF6B0CB00CB8C7D /* PBXContainerItemProxy */ = {
			isa = PBXContainerItemProxy;
			containerPortal = BF16CAD92AF6B0C800CB8C7D /* Project object */;
			proxyType = 1;
			remoteGlobalIDString = BF16CAE02AF6B0C800CB8C7D;
			remoteInfo = SerenitySeeker;
		};
/* End PBXContainerItemProxy section */

/* Begin PBXFileReference section */
		BF16CAE12AF6B0C800CB8C7D /* SerenitySeeker.app */ = {isa = PBXFileReference; explicitFileType = wrapper.application; includeInIndex = 0; path = SerenitySeeker.app; sourceTree = BUILT_PRODUCTS_DIR; };
		BF16CAE42AF6B0C800CB8C7D /* SerenitySeekerApp.swift */ = {isa = PBXFileReference; lastKnownFileType = sourcecode.swift; path = SerenitySeekerApp.swift; sourceTree = "<group>"; };
		BF16CAE62AF6B0C800CB8C7D /* LoginView.swift */ = {isa = PBXFileReference; lastKnownFileType = sourcecode.swift; path = LoginView.swift; sourceTree = "<group>"; };
		BF16CAE82AF6B0CA00CB8C7D /* Assets.xcassets */ = {isa = PBXFileReference; lastKnownFileType = folder.assetcatalog; path = Assets.xcassets; sourceTree = "<group>"; };
		BF16CAEB2AF6B0CA00CB8C7D /* Preview Assets.xcassets */ = {isa = PBXFileReference; lastKnownFileType = folder.assetcatalog; path = "Preview Assets.xcassets"; sourceTree = "<group>"; };
		BF16CAF12AF6B0CB00CB8C7D /* SerenitySeekerTests.xctest */ = {isa = PBXFileReference; explicitFileType = wrapper.cfbundle; includeInIndex = 0; path = SerenitySeekerTests.xctest; sourceTree = BUILT_PRODUCTS_DIR; };
		BF16CAF52AF6B0CB00CB8C7D /* SerenitySeekerTests.swift */ = {isa = PBXFileReference; lastKnownFileType = sourcecode.swift; path = SerenitySeekerTests.swift; sourceTree = "<group>"; };
		BF16CAFB2AF6B0CB00CB8C7D /* SerenitySeekerUITests.xctest */ = {isa = PBXFileReference; explicitFileType = wrapper.cfbundle; includeInIndex = 0; path = SerenitySeekerUITests.xctest; sourceTree = BUILT_PRODUCTS_DIR; };
		BF16CAFF2AF6B0CB00CB8C7D /* SerenitySeekerUITests.swift */ = {isa = PBXFileReference; lastKnownFileType = sourcecode.swift; path = SerenitySeekerUITests.swift; sourceTree = "<group>"; };
		BF16CB012AF6B0CB00CB8C7D /* SerenitySeekerUITestsLaunchTests.swift */ = {isa = PBXFileReference; lastKnownFileType = sourcecode.swift; path = SerenitySeekerUITestsLaunchTests.swift; sourceTree = "<group>"; };
		BF16CB102AF6C01E00CB8C7D /* DetailView.swift */ = {isa = PBXFileReference; lastKnownFileType = sourcecode.swift; path = DetailView.swift; sourceTree = "<group>"; };
		BF16CB142AF6D8BA00CB8C7D /* LoginViewOne.swift */ = {isa = PBXFileReference; lastKnownFileType = sourcecode.swift; path = LoginViewOne.swift; sourceTree = "<group>"; };
		BF16CB162AF6DF5300CB8C7D /* FeatureView.swift */ = {isa = PBXFileReference; lastKnownFileType = sourcecode.swift; path = FeatureView.swift; sourceTree = "<group>"; };
		BF16EA232AF87CBA00A71204 /* MoodView.swift */ = {isa = PBXFileReference; lastKnownFileType = sourcecode.swift; path = MoodView.swift; sourceTree = "<group>"; };
/* End PBXFileReference section */

/* Begin PBXFrameworksBuildPhase section */
		BF16CADE2AF6B0C800CB8C7D /* Frameworks */ = {
			isa = PBXFrameworksBuildPhase;
			buildActionMask = 2147483647;
			files = (
			);
			runOnlyForDeploymentPostprocessing = 0;
		};
		BF16CAEE2AF6B0CB00CB8C7D /* Frameworks */ = {
			isa = PBXFrameworksBuildPhase;
			buildActionMask = 2147483647;
			files = (
			);
			runOnlyForDeploymentPostprocessing = 0;
		};
		BF16CAF82AF6B0CB00CB8C7D /* Frameworks */ = {
			isa = PBXFrameworksBuildPhase;
			buildActionMask = 2147483647;
			files = (
			);
			runOnlyForDeploymentPostprocessing = 0;
		};
/* End PBXFrameworksBuildPhase section */

/* Begin PBXGroup section */
		BF16CAD82AF6B0C800CB8C7D = {
			isa = PBXGroup;
			children = (
				BF16CAE32AF6B0C800CB8C7D /* SerenitySeeker */,
				BF16CAF42AF6B0CB00CB8C7D /* SerenitySeekerTests */,
				BF16CAFE2AF6B0CB00CB8C7D /* SerenitySeekerUITests */,
				BF16CAE22AF6B0C800CB8C7D /* Products */,
			);
			sourceTree = "<group>";
		};
		BF16CAE22AF6B0C800CB8C7D /* Products */ = {
			isa = PBXGroup;
			children = (
				BF16CAE12AF6B0C800CB8C7D /* SerenitySeeker.app */,
				BF16CAF12AF6B0CB00CB8C7D /* SerenitySeekerTests.xctest */,
				BF16CAFB2AF6B0CB00CB8C7D /* SerenitySeekerUITests.xctest */,
			);
			name = Products;
			sourceTree = "<group>";
		};
		BF16CAE32AF6B0C800CB8C7D /* SerenitySeeker */ = {
			isa = PBXGroup;
			children = (
				BF16CAE42AF6B0C800CB8C7D /* SerenitySeekerApp.swift */,
				BF16CAE62AF6B0C800CB8C7D /* LoginView.swift */,
				BF16CB102AF6C01E00CB8C7D /* DetailView.swift */,
				BF16CB142AF6D8BA00CB8C7D /* LoginViewOne.swift */,
				BF16CB162AF6DF5300CB8C7D /* FeatureView.swift */,
				BF16EA232AF87CBA00A71204 /* MoodView.swift */,
				BF16CAE82AF6B0CA00CB8C7D /* Assets.xcassets */,
				BF16CAEA2AF6B0CA00CB8C7D /* Preview Content */,
			);
			path = SerenitySeeker;
			sourceTree = "<group>";
		};
		BF16CAEA2AF6B0CA00CB8C7D /* Preview Content */ = {
			isa = PBXGroup;
			children = (
				BF16CAEB2AF6B0CA00CB8C7D /* Preview Assets.xcassets */,
			);
			path = "Preview Content";
			sourceTree = "<group>";
		};
		BF16CAF42AF6B0CB00CB8C7D /* SerenitySeekerTests */ = {
			isa = PBXGroup;
			children = (
				BF16CAF52AF6B0CB00CB8C7D /* SerenitySeekerTests.swift */,
			);
			path = SerenitySeekerTests;
			sourceTree = "<group>";
		};
		BF16CAFE2AF6B0CB00CB8C7D /* SerenitySeekerUITests */ = {
			isa = PBXGroup;
			children = (
				BF16CAFF2AF6B0CB00CB8C7D /* SerenitySeekerUITests.swift */,
				BF16CB012AF6B0CB00CB8C7D /* SerenitySeekerUITestsLaunchTests.swift */,
			);
			path = SerenitySeekerUITests;
			sourceTree = "<group>";
		};
/* End PBXGroup section */

/* Begin PBXNativeTarget section */
		BF16CAE02AF6B0C800CB8C7D /* SerenitySeeker */ = {
			isa = PBXNativeTarget;
			buildConfigurationList = BF16CB052AF6B0CB00CB8C7D /* Build configuration list for PBXNativeTarget "SerenitySeeker" */;
			buildPhases = (
				BF16CADD2AF6B0C800CB8C7D /* Sources */,
				BF16CADE2AF6B0C800CB8C7D /* Frameworks */,
				BF16CADF2AF6B0C800CB8C7D /* Resources */,
			);
			buildRules = (
			);
			dependencies = (
			);
			name = SerenitySeeker;
			productName = SerenitySeeker;
			productReference = BF16CAE12AF6B0C800CB8C7D /* SerenitySeeker.app */;
			productType = "com.apple.product-type.application";
		};
		BF16CAF02AF6B0CB00CB8C7D /* SerenitySeekerTests */ = {
			isa = PBXNativeTarget;
			buildConfigurationList = BF16CB082AF6B0CB00CB8C7D /* Build configuration list for PBXNativeTarget "SerenitySeekerTests" */;
			buildPhases = (
				BF16CAED2AF6B0CB00CB8C7D /* Sources */,
				BF16CAEE2AF6B0CB00CB8C7D /* Frameworks */,
				BF16CAEF2AF6B0CB00CB8C7D /* Resources */,
			);
			buildRules = (
			);
			dependencies = (
				BF16CAF32AF6B0CB00CB8C7D /* PBXTargetDependency */,
			);
			name = SerenitySeekerTests;
			productName = SerenitySeekerTests;
			productReference = BF16CAF12AF6B0CB00CB8C7D /* SerenitySeekerTests.xctest */;
			productType = "com.apple.product-type.bundle.unit-test";
		};
		BF16CAFA2AF6B0CB00CB8C7D /* SerenitySeekerUITests */ = {
			isa = PBXNativeTarget;
			buildConfigurationList = BF16CB0B2AF6B0CB00CB8C7D /* Build configuration list for PBXNativeTarget "SerenitySeekerUITests" */;
			buildPhases = (
				BF16CAF72AF6B0CB00CB8C7D /* Sources */,
				BF16CAF82AF6B0CB00CB8C7D /* Frameworks */,
				BF16CAF92AF6B0CB00CB8C7D /* Resources */,
			);
			buildRules = (
			);
			dependencies = (
				BF16CAFD2AF6B0CB00CB8C7D /* PBXTargetDependency */,
			);
			name = SerenitySeekerUITests;
			productName = SerenitySeekerUITests;
			productReference = BF16CAFB2AF6B0CB00CB8C7D /* SerenitySeekerUITests.xctest */;
			productType = "com.apple.product-type.bundle.ui-testing";
		};
/* End PBXNativeTarget section */

/* Begin PBXProject section */
		BF16CAD92AF6B0C800CB8C7D /* Project object */ = {
			isa = PBXProject;
			attributes = {
				BuildIndependentTargetsInParallel = 1;
				LastSwiftUpdateCheck = 1500;
				LastUpgradeCheck = 1500;
				TargetAttributes = {
					BF16CAE02AF6B0C800CB8C7D = {
						CreatedOnToolsVersion = 15.0.1;
					};
					BF16CAF02AF6B0CB00CB8C7D = {
						CreatedOnToolsVersion = 15.0.1;
						TestTargetID = BF16CAE02AF6B0C800CB8C7D;
					};
					BF16CAFA2AF6B0CB00CB8C7D = {
						CreatedOnToolsVersion = 15.0.1;
						TestTargetID = BF16CAE02AF6B0C800CB8C7D;
					};
				};
			};
			buildConfigurationList = BF16CADC2AF6B0C800CB8C7D /* Build configuration list for PBXProject "SerenitySeeker" */;
			compatibilityVersion = "Xcode 14.0";
			developmentRegion = en;
			hasScannedForEncodings = 0;
			knownRegions = (
				en,
				Base,
			);
			mainGroup = BF16CAD82AF6B0C800CB8C7D;
			productRefGroup = BF16CAE22AF6B0C800CB8C7D /* Products */;
			projectDirPath = "";
			projectRoot = "";
			targets = (
				BF16CAE02AF6B0C800CB8C7D /* SerenitySeeker */,
				BF16CAF02AF6B0CB00CB8C7D /* SerenitySeekerTests */,
				BF16CAFA2AF6B0CB00CB8C7D /* SerenitySeekerUITests */,
			);
		};
/* End PBXProject section */

/* Begin PBXResourcesBuildPhase section */
		BF16CADF2AF6B0C800CB8C7D /* Resources */ = {
			isa = PBXResourcesBuildPhase;
			buildActionMask = 2147483647;
			files = (
				BF16CAEC2AF6B0CA00CB8C7D /* Preview Assets.xcassets in Resources */,
				BF16CAE92AF6B0CA00CB8C7D /* Assets.xcassets in Resources */,
			);
			runOnlyForDeploymentPostprocessing = 0;
		};
		BF16CAEF2AF6B0CB00CB8C7D /* Resources */ = {
			isa = PBXResourcesBuildPhase;
			buildActionMask = 2147483647;
			files = (
			);
			runOnlyForDeploymentPostprocessing = 0;
		};
		BF16CAF92AF6B0CB00CB8C7D /* Resources */ = {
			isa = PBXResourcesBuildPhase;
			buildActionMask = 2147483647;
			files = (
			);
			runOnlyForDeploymentPostprocessing = 0;
		};
/* End PBXResourcesBuildPhase section */

/* Begin PBXSourcesBuildPhase section */
		BF16CADD2AF6B0C800CB8C7D /* Sources */ = {
			isa = PBXSourcesBuildPhase;
			buildActionMask = 2147483647;
			files = (
				BF16CAE72AF6B0C800CB8C7D /* LoginView.swift in Sources */,
				BF16EA242AF87CBA00A71204 /* MoodView.swift in Sources */,
				BF16CB172AF6DF5400CB8C7D /* FeatureView.swift in Sources */,
				BF16CB112AF6C01E00CB8C7D /* DetailView.swift in Sources */,
				BF16CAE52AF6B0C800CB8C7D /* SerenitySeekerApp.swift in Sources */,
				BF16CB152AF6D8BA00CB8C7D /* LoginViewOne.swift in Sources */,
			);
			runOnlyForDeploymentPostprocessing = 0;
		};
		BF16CAED2AF6B0CB00CB8C7D /* Sources */ = {
			isa = PBXSourcesBuildPhase;
			buildActionMask = 2147483647;
			files = (
				BF16CAF62AF6B0CB00CB8C7D /* SerenitySeekerTests.swift in Sources */,
			);
			runOnlyForDeploymentPostprocessing = 0;
		};
		BF16CAF72AF6B0CB00CB8C7D /* Sources */ = {
			isa = PBXSourcesBuildPhase;
			buildActionMask = 2147483647;
			files = (
				BF16CB022AF6B0CB00CB8C7D /* SerenitySeekerUITestsLaunchTests.swift in Sources */,
				BF16CB002AF6B0CB00CB8C7D /* SerenitySeekerUITests.swift in Sources */,
			);
			runOnlyForDeploymentPostprocessing = 0;
		};
/* End PBXSourcesBuildPhase section */

/* Begin PBXTargetDependency section */
		BF16CAF32AF6B0CB00CB8C7D /* PBXTargetDependency */ = {
			isa = PBXTargetDependency;
			target = BF16CAE02AF6B0C800CB8C7D /* SerenitySeeker */;
			targetProxy = BF16CAF22AF6B0CB00CB8C7D /* PBXContainerItemProxy */;
		};
		BF16CAFD2AF6B0CB00CB8C7D /* PBXTargetDependency */ = {
			isa = PBXTargetDependency;
			target = BF16CAE02AF6B0C800CB8C7D /* SerenitySeeker */;
			targetProxy = BF16CAFC2AF6B0CB00CB8C7D /* PBXContainerItemProxy */;
		};
/* End PBXTargetDependency section */

/* Begin XCBuildConfiguration section */
		BF16CB032AF6B0CB00CB8C7D /* Debug */ = {
			isa = XCBuildConfiguration;
			buildSettings = {
				ALWAYS_SEARCH_USER_PATHS = NO;
				ASSETCATALOG_COMPILER_GENERATE_SWIFT_ASSET_SYMBOL_EXTENSIONS = YES;
				CLANG_ANALYZER_NONNULL = YES;
				CLANG_ANALYZER_NUMBER_OBJECT_CONVERSION = YES_AGGRESSIVE;
				CLANG_CXX_LANGUAGE_STANDARD = "gnu++20";
				CLANG_ENABLE_MODULES = YES;
				CLANG_ENABLE_OBJC_ARC = YES;
				CLANG_ENABLE_OBJC_WEAK = YES;
				CLANG_WARN_BLOCK_CAPTURE_AUTORELEASING = YES;
				CLANG_WARN_BOOL_CONVERSION = YES;
				CLANG_WARN_COMMA = YES;
				CLANG_WARN_CONSTANT_CONVERSION = YES;
				CLANG_WARN_DEPRECATED_OBJC_IMPLEMENTATIONS = YES;
				CLANG_WARN_DIRECT_OBJC_ISA_USAGE = YES_ERROR;
				CLANG_WARN_DOCUMENTATION_COMMENTS = YES;
				CLANG_WARN_EMPTY_BODY = YES;
				CLANG_WARN_ENUM_CONVERSION = YES;
				CLANG_WARN_INFINITE_RECURSION = YES;
				CLANG_WARN_INT_CONVERSION = YES;
				CLANG_WARN_NON_LITERAL_NULL_CONVERSION = YES;
				CLANG_WARN_OBJC_IMPLICIT_RETAIN_SELF = YES;
				CLANG_WARN_OBJC_LITERAL_CONVERSION = YES;
				CLANG_WARN_OBJC_ROOT_CLASS = YES_ERROR;
				CLANG_WARN_QUOTED_INCLUDE_IN_FRAMEWORK_HEADER = YES;
				CLANG_WARN_RANGE_LOOP_ANALYSIS = YES;
				CLANG_WARN_STRICT_PROTOTYPES = YES;
				CLANG_WARN_SUSPICIOUS_MOVE = YES;
				CLANG_WARN_UNGUARDED_AVAILABILITY = YES_AGGRESSIVE;
				CLANG_WARN_UNREACHABLE_CODE = YES;
				CLANG_WARN__DUPLICATE_METHOD_MATCH = YES;
				COPY_PHASE_STRIP = NO;
				DEBUG_INFORMATION_FORMAT = dwarf;
				ENABLE_STRICT_OBJC_MSGSEND = YES;
				ENABLE_TESTABILITY = YES;
				ENABLE_USER_SCRIPT_SANDBOXING = YES;
				GCC_C_LANGUAGE_STANDARD = gnu17;
				GCC_DYNAMIC_NO_PIC = NO;
				GCC_NO_COMMON_BLOCKS = YES;
				GCC_OPTIMIZATION_LEVEL = 0;
				GCC_PREPROCESSOR_DEFINITIONS = (
					"DEBUG=1",
					"$(inherited)",
				);
				GCC_WARN_64_TO_32_BIT_CONVERSION = YES;
				GCC_WARN_ABOUT_RETURN_TYPE = YES_ERROR;
				GCC_WARN_UNDECLARED_SELECTOR = YES;
				GCC_WARN_UNINITIALIZED_AUTOS = YES_AGGRESSIVE;
				GCC_WARN_UNUSED_FUNCTION = YES;
				GCC_WARN_UNUSED_VARIABLE = YES;
				IPHONEOS_DEPLOYMENT_TARGET = 17.0;
				LOCALIZATION_PREFERS_STRING_CATALOGS = YES;
				MTL_ENABLE_DEBUG_INFO = INCLUDE_SOURCE;
				MTL_FAST_MATH = YES;
				ONLY_ACTIVE_ARCH = YES;
				SDKROOT = iphoneos;
				SWIFT_ACTIVE_COMPILATION_CONDITIONS = "DEBUG $(inherited)";
				SWIFT_OPTIMIZATION_LEVEL = "-Onone";
			};
			name = Debug;
		};
		BF16CB042AF6B0CB00CB8C7D /* Release */ = {
			isa = XCBuildConfiguration;
			buildSettings = {
				ALWAYS_SEARCH_USER_PATHS = NO;
				ASSETCATALOG_COMPILER_GENERATE_SWIFT_ASSET_SYMBOL_EXTENSIONS = YES;
				CLANG_ANALYZER_NONNULL = YES;
				CLANG_ANALYZER_NUMBER_OBJECT_CONVERSION = YES_AGGRESSIVE;
				CLANG_CXX_LANGUAGE_STANDARD = "gnu++20";
				CLANG_ENABLE_MODULES = YES;
				CLANG_ENABLE_OBJC_ARC = YES;
				CLANG_ENABLE_OBJC_WEAK = YES;
				CLANG_WARN_BLOCK_CAPTURE_AUTORELEASING = YES;
				CLANG_WARN_BOOL_CONVERSION = YES;
				CLANG_WARN_COMMA = YES;
				CLANG_WARN_CONSTANT_CONVERSION = YES;
				CLANG_WARN_DEPRECATED_OBJC_IMPLEMENTATIONS = YES;
				CLANG_WARN_DIRECT_OBJC_ISA_USAGE = YES_ERROR;
				CLANG_WARN_DOCUMENTATION_COMMENTS = YES;
				CLANG_WARN_EMPTY_BODY = YES;
				CLANG_WARN_ENUM_CONVERSION = YES;
				CLANG_WARN_INFINITE_RECURSION = YES;
				CLANG_WARN_INT_CONVERSION = YES;
				CLANG_WARN_NON_LITERAL_NULL_CONVERSION = YES;
				CLANG_WARN_OBJC_IMPLICIT_RETAIN_SELF = YES;
				CLANG_WARN_OBJC_LITERAL_CONVERSION = YES;
				CLANG_WARN_OBJC_ROOT_CLASS = YES_ERROR;
				CLANG_WARN_QUOTED_INCLUDE_IN_FRAMEWORK_HEADER = YES;
				CLANG_WARN_RANGE_LOOP_ANALYSIS = YES;
				CLANG_WARN_STRICT_PROTOTYPES = YES;
				CLANG_WARN_SUSPICIOUS_MOVE = YES;
				CLANG_WARN_UNGUARDED_AVAILABILITY = YES_AGGRESSIVE;
				CLANG_WARN_UNREACHABLE_CODE = YES;
				CLANG_WARN__DUPLICATE_METHOD_MATCH = YES;
				COPY_PHASE_STRIP = NO;
				DEBUG_INFORMATION_FORMAT = "dwarf-with-dsym";
				ENABLE_NS_ASSERTIONS = NO;
				ENABLE_STRICT_OBJC_MSGSEND = YES;
				ENABLE_USER_SCRIPT_SANDBOXING = YES;
				GCC_C_LANGUAGE_STANDARD = gnu17;
				GCC_NO_COMMON_BLOCKS = YES;
				GCC_WARN_64_TO_32_BIT_CONVERSION = YES;
				GCC_WARN_ABOUT_RETURN_TYPE = YES_ERROR;
				GCC_WARN_UNDECLARED_SELECTOR = YES;
				GCC_WARN_UNINITIALIZED_AUTOS = YES_AGGRESSIVE;
				GCC_WARN_UNUSED_FUNCTION = YES;
				GCC_WARN_UNUSED_VARIABLE = YES;
				IPHONEOS_DEPLOYMENT_TARGET = 17.0;
				LOCALIZATION_PREFERS_STRING_CATALOGS = YES;
				MTL_ENABLE_DEBUG_INFO = NO;
				MTL_FAST_MATH = YES;
				SDKROOT = iphoneos;
				SWIFT_COMPILATION_MODE = wholemodule;
				VALIDATE_PRODUCT = YES;
			};
			name = Release;
		};
		BF16CB062AF6B0CB00CB8C7D /* Debug */ = {
			isa = XCBuildConfiguration;
			buildSettings = {
				ASSETCATALOG_COMPILER_APPICON_NAME = AppIcon;
				ASSETCATALOG_COMPILER_GLOBAL_ACCENT_COLOR_NAME = AccentColor;
				CODE_SIGN_STYLE = Automatic;
				CURRENT_PROJECT_VERSION = 1;
				DEVELOPMENT_ASSET_PATHS = "\"SerenitySeeker/Preview Content\"";
				ENABLE_PREVIEWS = YES;
				GENERATE_INFOPLIST_FILE = YES;
				INFOPLIST_KEY_UIApplicationSceneManifest_Generation = YES;
				INFOPLIST_KEY_UIApplicationSupportsIndirectInputEvents = YES;
				INFOPLIST_KEY_UILaunchScreen_Generation = YES;
				INFOPLIST_KEY_UISupportedInterfaceOrientations_iPad = "UIInterfaceOrientationPortrait UIInterfaceOrientationPortraitUpsideDown UIInterfaceOrientationLandscapeLeft UIInterfaceOrientationLandscapeRight";
				INFOPLIST_KEY_UISupportedInterfaceOrientations_iPhone = "UIInterfaceOrientationPortrait UIInterfaceOrientationLandscapeLeft UIInterfaceOrientationLandscapeRight";
				LD_RUNPATH_SEARCH_PATHS = (
					"$(inherited)",
					"@executable_path/Frameworks",
				);
				MARKETING_VERSION = 1.0;
				PRODUCT_BUNDLE_IDENTIFIER = com.ingridphilippe.SerenitySeeker;
				PRODUCT_NAME = "$(TARGET_NAME)";
				SWIFT_EMIT_LOC_STRINGS = YES;
				SWIFT_VERSION = 5.0;
				TARGETED_DEVICE_FAMILY = "1,2";
			};
			name = Debug;
		};
		BF16CB072AF6B0CB00CB8C7D /* Release */ = {
			isa = XCBuildConfiguration;
			buildSettings = {
				ASSETCATALOG_COMPILER_APPICON_NAME = AppIcon;
				ASSETCATALOG_COMPILER_GLOBAL_ACCENT_COLOR_NAME = AccentColor;
				CODE_SIGN_STYLE = Automatic;
				CURRENT_PROJECT_VERSION = 1;
				DEVELOPMENT_ASSET_PATHS = "\"SerenitySeeker/Preview Content\"";
				ENABLE_PREVIEWS = YES;
				GENERATE_INFOPLIST_FILE = YES;
				INFOPLIST_KEY_UIApplicationSceneManifest_Generation = YES;
				INFOPLIST_KEY_UIApplicationSupportsIndirectInputEvents = YES;
				INFOPLIST_KEY_UILaunchScreen_Generation = YES;
				INFOPLIST_KEY_UISupportedInterfaceOrientations_iPad = "UIInterfaceOrientationPortrait UIInterfaceOrientationPortraitUpsideDown UIInterfaceOrientationLandscapeLeft UIInterfaceOrientationLandscapeRight";
				INFOPLIST_KEY_UISupportedInterfaceOrientations_iPhone = "UIInterfaceOrientationPortrait UIInterfaceOrientationLandscapeLeft UIInterfaceOrientationLandscapeRight";
				LD_RUNPATH_SEARCH_PATHS = (
					"$(inherited)",
					"@executable_path/Frameworks",
				);
				MARKETING_VERSION = 1.0;
				PRODUCT_BUNDLE_IDENTIFIER = com.ingridphilippe.SerenitySeeker;
				PRODUCT_NAME = "$(TARGET_NAME)";
				SWIFT_EMIT_LOC_STRINGS = YES;
				SWIFT_VERSION = 5.0;
				TARGETED_DEVICE_FAMILY = "1,2";
			};
			name = Release;
		};
		BF16CB092AF6B0CB00CB8C7D /* Debug */ = {
			isa = XCBuildConfiguration;
			buildSettings = {
				ALWAYS_EMBED_SWIFT_STANDARD_LIBRARIES = YES;
				BUNDLE_LOADER = "$(TEST_HOST)";
				CODE_SIGN_STYLE = Automatic;
				CURRENT_PROJECT_VERSION = 1;
				GENERATE_INFOPLIST_FILE = YES;
				IPHONEOS_DEPLOYMENT_TARGET = 17.0;
				MARKETING_VERSION = 1.0;
				PRODUCT_BUNDLE_IDENTIFIER = com.ingridphilippe.SerenitySeekerTests;
				PRODUCT_NAME = "$(TARGET_NAME)";
				SWIFT_EMIT_LOC_STRINGS = NO;
				SWIFT_VERSION = 5.0;
				TARGETED_DEVICE_FAMILY = "1,2";
				TEST_HOST = "$(BUILT_PRODUCTS_DIR)/SerenitySeeker.app/$(BUNDLE_EXECUTABLE_FOLDER_PATH)/SerenitySeeker";
			};
			name = Debug;
		};
		BF16CB0A2AF6B0CB00CB8C7D /* Release */ = {
			isa = XCBuildConfiguration;
			buildSettings = {
				ALWAYS_EMBED_SWIFT_STANDARD_LIBRARIES = YES;
				BUNDLE_LOADER = "$(TEST_HOST)";
				CODE_SIGN_STYLE = Automatic;
				CURRENT_PROJECT_VERSION = 1;
				GENERATE_INFOPLIST_FILE = YES;
				IPHONEOS_DEPLOYMENT_TARGET = 17.0;
				MARKETING_VERSION = 1.0;
				PRODUCT_BUNDLE_IDENTIFIER = com.ingridphilippe.SerenitySeekerTests;
				PRODUCT_NAME = "$(TARGET_NAME)";
				SWIFT_EMIT_LOC_STRINGS = NO;
				SWIFT_VERSION = 5.0;
				TARGETED_DEVICE_FAMILY = "1,2";
				TEST_HOST = "$(BUILT_PRODUCTS_DIR)/SerenitySeeker.app/$(BUNDLE_EXECUTABLE_FOLDER_PATH)/SerenitySeeker";
			};
			name = Release;
		};
		BF16CB0C2AF6B0CB00CB8C7D /* Debug */ = {
			isa = XCBuildConfiguration;
			buildSettings = {
				ALWAYS_EMBED_SWIFT_STANDARD_LIBRARIES = YES;
				CODE_SIGN_STYLE = Automatic;
				CURRENT_PROJECT_VERSION = 1;
				GENERATE_INFOPLIST_FILE = YES;
				MARKETING_VERSION = 1.0;
				PRODUCT_BUNDLE_IDENTIFIER = com.ingridphilippe.SerenitySeekerUITests;
				PRODUCT_NAME = "$(TARGET_NAME)";
				SWIFT_EMIT_LOC_STRINGS = NO;
				SWIFT_VERSION = 5.0;
				TARGETED_DEVICE_FAMILY = "1,2";
				TEST_TARGET_NAME = SerenitySeeker;
			};
			name = Debug;
		};
		BF16CB0D2AF6B0CB00CB8C7D /* Release */ = {
			isa = XCBuildConfiguration;
			buildSettings = {
				ALWAYS_EMBED_SWIFT_STANDARD_LIBRARIES = YES;
				CODE_SIGN_STYLE = Automatic;
				CURRENT_PROJECT_VERSION = 1;
				GENERATE_INFOPLIST_FILE = YES;
				MARKETING_VERSION = 1.0;
				PRODUCT_BUNDLE_IDENTIFIER = com.ingridphilippe.SerenitySeekerUITests;
				PRODUCT_NAME = "$(TARGET_NAME)";
				SWIFT_EMIT_LOC_STRINGS = NO;
				SWIFT_VERSION = 5.0;
				TARGETED_DEVICE_FAMILY = "1,2";
				TEST_TARGET_NAME = SerenitySeeker;
			};
			name = Release;
		};
/* End XCBuildConfiguration section */

/* Begin XCConfigurationList section */
		BF16CADC2AF6B0C800CB8C7D /* Build configuration list for PBXProject "SerenitySeeker" */ = {
			isa = XCConfigurationList;
			buildConfigurations = (
				BF16CB032AF6B0CB00CB8C7D /* Debug */,
				BF16CB042AF6B0CB00CB8C7D /* Release */,
			);
			defaultConfigurationIsVisible = 0;
			defaultConfigurationName = Release;
		};
		BF16CB052AF6B0CB00CB8C7D /* Build configuration list for PBXNativeTarget "SerenitySeeker" */ = {
			isa = XCConfigurationList;
			buildConfigurations = (
				BF16CB062AF6B0CB00CB8C7D /* Debug */,
				BF16CB072AF6B0CB00CB8C7D /* Release */,
			);
			defaultConfigurationIsVisible = 0;
			defaultConfigurationName = Release;
		};
		BF16CB082AF6B0CB00CB8C7D /* Build configuration list for PBXNativeTarget "SerenitySeekerTests" */ = {
			isa = XCConfigurationList;
			buildConfigurations = (
				BF16CB092AF6B0CB00CB8C7D /* Debug */,
				BF16CB0A2AF6B0CB00CB8C7D /* Release */,
			);
			defaultConfigurationIsVisible = 0;
			defaultConfigurationName = Release;
		};
		BF16CB0B2AF6B0CB00CB8C7D /* Build configuration list for PBXNativeTarget "SerenitySeekerUITests" */ = {
			isa = XCConfigurationList;
			buildConfigurations = (
				BF16CB0C2AF6B0CB00CB8C7D /* Debug */,
				BF16CB0D2AF6B0CB00CB8C7D /* Release */,
			);
			defaultConfigurationIsVisible = 0;
			defaultConfigurationName = Release;
		};
/* End XCConfigurationList section */
	};
	rootObject = BF16CAD92AF6B0C800CB8C7D /* Project object */;
}
